
Microsoft Visual Studio Solution File, Format Version 12.00
# Visual Studio 2013
VisualStudioVersion = 12.0.31101.0
MinimumVisualStudioVersion = 10.0.40219.1
Project("{2150E333-8FDC-42A3-9474-1A3956D46DE8}") = "1.Data", "1.Data", "{82E75410-3682-43BE-941B-884822375591}"
EndProject
Project("{2150E333-8FDC-42A3-9474-1A3956D46DE8}") = "2.Service", "2.Service", "{565715AD-0341-4686-BBE8-33C8E237C4BB}"
EndProject
Project("{2150E333-8FDC-42A3-9474-1A3956D46DE8}") = "3.Distribution", "3.Distribution", "{C6AA2DBD-F215-45BA-AE48-385310363298}"
EndProject
Project("{2150E333-8FDC-42A3-9474-1A3956D46DE8}") = "4.Client", "4.Client", "{BC54E2CA-3866-4132-A3D9-068F2D9A9CC9}"
EndProject
Project("{2150E333-8FDC-42A3-9474-1A3956D46DE8}") = "5.Libs", "5.Libs", "{97CD0FE3-4C61-4B6E-B2D9-0B06C6BF90FD}"
EndProject
Project("{FAE04EC0-301F-11D3-BF4B-00C04F79EFBC}") = "Data", "DAL\Data.csproj", "{3A508724-74F0-41AC-95EC-CC03E5DFBD8F}"
EndProject
Project("{FAE04EC0-301F-11D3-BF4B-00C04F79EFBC}") = "Domain", "Domain\Domain.csproj", "{975DB549-89AC-46E8-9048-103F0234D449}"
EndProject
Project("{FAE04EC0-301F-11D3-BF4B-00C04F79EFBC}") = "Service", "Service\Service.csproj", "{7D57BE1F-3C37-441F-9B4E-BBCFF59708EB}"
EndProject
Project("{FAE04EC0-301F-11D3-BF4B-00C04F79EFBC}") = "Distribution", "Distribution\Distribution.csproj", "{4AFDE24F-9461-4B77-B272-2FC00B93A940}"
EndProject
Project("{FAE04EC0-301F-11D3-BF4B-00C04F79EFBC}") = "Client", "Client\Client.csproj", "{F327CF51-70F1-4CA4-BA0F-DB07346AE584}"
EndProject
Project("{FAE04EC0-301F-11D3-BF4B-00C04F79EFBC}") = "CommonLib", "CommonLib\CommonLib.csproj", "{C94BB278-9638-4760-A832-9E1B2B220BFE}"
EndProject
Project("{2150E333-8FDC-42A3-9474-1A3956D46DE8}") = ".nuget", ".nuget", "{70393EE0-5735-48CD-8609-E306205DFA7C}"
	ProjectSection(SolutionItems) = preProject
		.nuget\NuGet.Config = .nuget\NuGet.Config
		.nuget\NuGet.exe = .nuget\NuGet.exe
		.nuget\NuGet.targets = .nuget\NuGet.targets
	EndProjectSection
EndProject
Global
	GlobalSection(SolutionConfigurationPlatforms) = preSolution
		Debug|Any CPU = Debug|Any CPU
		Release|Any CPU = Release|Any CPU
	EndGlobalSection
	GlobalSection(ProjectConfigurationPlatforms) = postSolution
		{3A508724-74F0-41AC-95EC-CC03E5DFBD8F}.Debug|Any CPU.ActiveCfg = Debug|Any CPU
		{3A508724-74F0-41AC-95EC-CC03E5DFBD8F}.Debug|Any CPU.Build.0 = Debug|Any CPU
		{3A508724-74F0-41AC-95EC-CC03E5DFBD8F}.Release|Any CPU.ActiveCfg = Release|Any CPU
		{3A508724-74F0-41AC-95EC-CC03E5DFBD8F}.Release|Any CPU.Build.0 = Release|Any CPU
		{975DB549-89AC-46E8-9048-103F0234D449}.Debug|Any CPU.ActiveCfg = Debug|Any CPU
		{975DB549-89AC-46E8-9048-103F0234D449}.Debug|Any CPU.Build.0 = Debug|Any CPU
		{975DB549-89AC-46E8-9048-103F0234D449}.Release|Any CPU.ActiveCfg = Release|Any CPU
		{975DB549-89AC-46E8-9048-103F0234D449}.Release|Any CPU.Build.0 = Release|Any CPU
		{7D57BE1F-3C37-441F-9B4E-BBCFF59708EB}.Debug|Any CPU.ActiveCfg = Debug|Any CPU
		{7D57BE1F-3C37-441F-9B4E-BBCFF59708EB}.Debug|Any CPU.Build.0 = Debug|Any CPU
		{7D57BE1F-3C37-441F-9B4E-BBCFF59708EB}.Release|Any CPU.ActiveCfg = Release|Any CPU
		{7D57BE1F-3C37-441F-9B4E-BBCFF59708EB}.Release|Any CPU.Build.0 = Release|Any CPU
		{4AFDE24F-9461-4B77-B272-2FC00B93A940}.Debug|Any CPU.ActiveCfg = Debug|Any CPU
		{4AFDE24F-9461-4B77-B272-2FC00B93A940}.Debug|Any CPU.Build.0 = Debug|Any CPU
		{4AFDE24F-9461-4B77-B272-2FC00B93A940}.Release|Any CPU.ActiveCfg = Release|Any CPU
		{4AFDE24F-9461-4B77-B272-2FC00B93A940}.Release|Any CPU.Build.0 = Release|Any CPU
		{F327CF51-70F1-4CA4-BA0F-DB07346AE584}.Debug|Any CPU.ActiveCfg = Debug|Any CPU
		{F327CF51-70F1-4CA4-BA0F-DB07346AE584}.Debug|Any CPU.Build.0 = Debug|Any CPU
		{F327CF51-70F1-4CA4-BA0F-DB07346AE584}.Release|Any CPU.ActiveCfg = Release|Any CPU
		{F327CF51-70F1-4CA4-BA0F-DB07346AE584}.Release|Any CPU.Build.0 = Release|Any CPU
		{C94BB278-9638-4760-A832-9E1B2B220BFE}.Debug|Any CPU.ActiveCfg = Debug|Any CPU
		{C94BB278-9638-4760-A832-9E1B2B220BFE}.Debug|Any CPU.Build.0 = Debug|Any CPU
		{C94BB278-9638-4760-A832-9E1B2B220BFE}.Release|Any CPU.ActiveCfg = Release|Any CPU
		{C94BB278-9638-4760-A832-9E1B2B220BFE}.Release|Any CPU.Build.0 = Release|Any CPU
	EndGlobalSection
	GlobalSection(SolutionProperties) = preSolution
		HideSolutionNode = FALSE
	EndGlobalSection
	GlobalSection(NestedProjects) = preSolution
		{3A508724-74F0-41AC-95EC-CC03E5DFBD8F} = {82E75410-3682-43BE-941B-884822375591}
		{975DB549-89AC-46E8-9048-103F0234D449} = {82E75410-3682-43BE-941B-884822375591}
		{7D57BE1F-3C37-441F-9B4E-BBCFF59708EB} = {565715AD-0341-4686-BBE8-33C8E237C4BB}
		{4AFDE24F-9461-4B77-B272-2FC00B93A940} = {C6AA2DBD-F215-45BA-AE48-385310363298}
		{F327CF51-70F1-4CA4-BA0F-DB07346AE584} = {BC54E2CA-3866-4132-A3D9-068F2D9A9CC9}
		{C94BB278-9638-4760-A832-9E1B2B220BFE} = {97CD0FE3-4C61-4B6E-B2D9-0B06C6BF90FD}
	EndGlobalSection
EndGlobal
